// !$*UTF8*$!
{
	archiveVersion = 1;
	classes = {
	};
	objectVersion = 46;
	objects = {

/* Begin PBXBuildFile section */
		185EFA891C30E990001FBA5F /* AppDelegate.swift in Sources */ = {isa = PBXBuildFile; fileRef = 185EFA881C30E990001FBA5F /* AppDelegate.swift */; };
		185EFA8B1C30E990001FBA5F /* ViewController.swift in Sources */ = {isa = PBXBuildFile; fileRef = 185EFA8A1C30E990001FBA5F /* ViewController.swift */; };
		185EFA8E1C30E990001FBA5F /* Main.storyboard in Resources */ = {isa = PBXBuildFile; fileRef = 185EFA8C1C30E990001FBA5F /* Main.storyboard */; };
		185EFA911C30E990001FBA5F /* CoreDataStudy.xcdatamodeld in Sources */ = {isa = PBXBuildFile; fileRef = 185EFA8F1C30E990001FBA5F /* CoreDataStudy.xcdatamodeld */; };
		185EFA931C30E990001FBA5F /* Assets.xcassets in Resources */ = {isa = PBXBuildFile; fileRef = 185EFA921C30E990001FBA5F /* Assets.xcassets */; };
		185EFA961C30E990001FBA5F /* LaunchScreen.storyboard in Resources */ = {isa = PBXBuildFile; fileRef = 185EFA941C30E990001FBA5F /* LaunchScreen.storyboard */; };
		185EFAA11C30E990001FBA5F /* CoreDataStudyTests.swift in Sources */ = {isa = PBXBuildFile; fileRef = 185EFAA01C30E990001FBA5F /* CoreDataStudyTests.swift */; };
/* End PBXBuildFile section */

/* Begin PBXContainerItemProxy section */
		185EFA9D1C30E990001FBA5F /* PBXContainerItemProxy */ = {
			isa = PBXContainerItemProxy;
			containerPortal = 185EFA7D1C30E990001FBA5F /* Project object */;
			proxyType = 1;
			remoteGlobalIDString = 185EFA841C30E990001FBA5F;
			remoteInfo = CoreDataStudy;
		};
/* End PBXContainerItemProxy section */

/* Begin PBXFileReference section */
		185EFA851C30E990001FBA5F /* CoreDataStudy.app */ = {isa = PBXFileReference; explicitFileType = wrapper.application; includeInIndex = 0; path = CoreDataStudy.app; sourceTree = BUILT_PRODUCTS_DIR; };
		185EFA881C30E990001FBA5F /* AppDelegate.swift */ = {isa = PBXFileReference; lastKnownFileType = sourcecode.swift; path = AppDelegate.swift; sourceTree = "<group>"; };
		185EFA8A1C30E990001FBA5F /* ViewController.swift */ = {isa = PBXFileReference; lastKnownFileType = sourcecode.swift; path = ViewController.swift; sourceTree = "<group>"; };
		185EFA8D1C30E990001FBA5F /* Base */ = {isa = PBXFileReference; lastKnownFileType = file.storyboard; name = Base; path = Base.lproj/Main.storyboard; sourceTree = "<group>"; };
		185EFA901C30E990001FBA5F /* CoreDataStudy.xcdatamodel */ = {isa = PBXFileReference; lastKnownFileType = wrapper.xcdatamodel; path = CoreDataStudy.xcdatamodel; sourceTree = "<group>"; };
		185EFA921C30E990001FBA5F /* Assets.xcassets */ = {isa = PBXFileReference; lastKnownFileType = folder.assetcatalog; path = Assets.xcassets; sourceTree = "<group>"; };
		185EFA951C30E990001FBA5F /* Base */ = {isa = PBXFileReference; lastKnownFileType = file.storyboard; name = Base; path = Base.lproj/LaunchScreen.storyboard; sourceTree = "<group>"; };
		185EFA971C30E990001FBA5F /* Info.plist */ = {isa = PBXFileReference; lastKnownFileType = text.plist.xml; path = Info.plist; sourceTree = "<group>"; };
		185EFA9C1C30E990001FBA5F /* CoreDataStudyTests.xctest */ = {isa = PBXFileReference; explicitFileType = wrapper.cfbundle; includeInIndex = 0; path = CoreDataStudyTests.xctest; sourceTree = BUILT_PRODUCTS_DIR; };
		185EFAA01C30E990001FBA5F /* CoreDataStudyTests.swift */ = {isa = PBXFileReference; lastKnownFileType = sourcecode.swift; path = CoreDataStudyTests.swift; sourceTree = "<group>"; };
		185EFAA21C30E990001FBA5F /* Info.plist */ = {isa = PBXFileReference; lastKnownFileType = text.plist.xml; path = Info.plist; sourceTree = "<group>"; };
/* End PBXFileReference section */

/* Begin PBXFrameworksBuildPhase section */
		185EFA821C30E990001FBA5F /* Frameworks */ = {
			isa = PBXFrameworksBuildPhase;
			buildActionMask = 2147483647;
			files = (
			);
			runOnlyForDeploymentPostprocessing = 0;
		};
		185EFA991C30E990001FBA5F /* Frameworks */ = {
			isa = PBXFrameworksBuildPhase;
			buildActionMask = 2147483647;
			files = (
			);
			runOnlyForDeploymentPostprocessing = 0;
		};
/* End PBXFrameworksBuildPhase section */

/* Begin PBXGroup section */
		185EFA7C1C30E990001FBA5F = {
			isa = PBXGroup;
			children = (
				185EFA871C30E990001FBA5F /* CoreDataStudy */,
				185EFA9F1C30E990001FBA5F /* CoreDataStudyTests */,
				185EFA861C30E990001FBA5F /* Products */,
			);
			sourceTree = "<group>";
		};
		185EFA861C30E990001FBA5F /* Products */ = {
			isa = PBXGroup;
			children = (
				185EFA851C30E990001FBA5F /* CoreDataStudy.app */,
				185EFA9C1C30E990001FBA5F /* CoreDataStudyTests.xctest */,
			);
			name = Products;
			sourceTree = "<group>";
		};
		185EFA871C30E990001FBA5F /* CoreDataStudy */ = {
			isa = PBXGroup;
			children = (
				185EFA881C30E990001FBA5F /* AppDelegate.swift */,
				185EFA8A1C30E990001FBA5F /* ViewController.swift */,
				185EFA8C1C30E990001FBA5F /* Main.storyboard */,
				185EFA921C30E990001FBA5F /* Assets.xcassets */,
				185EFA941C30E990001FBA5F /* LaunchScreen.storyboard */,
				185EFA971C30E990001FBA5F /* Info.plist */,
				185EFA8F1C30E990001FBA5F /* CoreDataStudy.xcdatamodeld */,
			);
			path = CoreDataStudy;
			sourceTree = "<group>";
		};
		185EFA9F1C30E990001FBA5F /* CoreDataStudyTests */ = {
			isa = PBXGroup;
			children = (
				185EFAA01C30E990001FBA5F /* CoreDataStudyTests.swift */,
				185EFAA21C30E990001FBA5F /* Info.plist */,
			);
			path = CoreDataStudyTests;
			sourceTree = "<group>";
		};
/* End PBXGroup section */

/* Begin PBXNativeTarget section */
		185EFA841C30E990001FBA5F /* CoreDataStudy */ = {
			isa = PBXNativeTarget;
			buildConfigurationList = 185EFAA51C30E990001FBA5F /* Build configuration list for PBXNativeTarget "CoreDataStudy" */;
			buildPhases = (
				185EFA811C30E990001FBA5F /* Sources */,
				185EFA821C30E990001FBA5F /* Frameworks */,
				185EFA831C30E990001FBA5F /* Resources */,
			);
			buildRules = (
			);
			dependencies = (
			);
			name = CoreDataStudy;
			productName = CoreDataStudy;
			productReference = 185EFA851C30E990001FBA5F /* CoreDataStudy.app */;
			productType = "com.apple.product-type.application";
		};
		185EFA9B1C30E990001FBA5F /* CoreDataStudyTests */ = {
			isa = PBXNativeTarget;
			buildConfigurationList = 185EFAA81C30E990001FBA5F /* Build configuration list for PBXNativeTarget "CoreDataStudyTests" */;
			buildPhases = (
				185EFA981C30E990001FBA5F /* Sources */,
				185EFA991C30E990001FBA5F /* Frameworks */,
				185EFA9A1C30E990001FBA5F /* Resources */,
			);
			buildRules = (
			);
			dependencies = (
				185EFA9E1C30E990001FBA5F /* PBXTargetDependency */,
			);
			name = CoreDataStudyTests;
			productName = CoreDataStudyTests;
			productReference = 185EFA9C1C30E990001FBA5F /* CoreDataStudyTests.xctest */;
			productType = "com.apple.product-type.bundle.unit-test";
		};
/* End PBXNativeTarget section */

/* Begin PBXProject section */
		185EFA7D1C30E990001FBA5F /* Project object */ = {
			isa = PBXProject;
			attributes = {
				LastSwiftUpdateCheck = 0720;
				LastUpgradeCheck = 0720;
				ORGANIZATIONNAME = www.ixx.com;
				TargetAttributes = {
					185EFA841C30E990001FBA5F = {
						CreatedOnToolsVersion = 7.2;
						DevelopmentTeam = E3W978E6BM;
					};
					185EFA9B1C30E990001FBA5F = {
						CreatedOnToolsVersion = 7.2;
						DevelopmentTeam = E3W978E6BM;
						TestTargetID = 185EFA841C30E990001FBA5F;
					};
				};
			};
			buildConfigurationList = 185EFA801C30E990001FBA5F /* Build configuration list for PBXProject "CoreDataStudy" */;
			compatibilityVersion = "Xcode 3.2";
			developmentRegion = English;
			hasScannedForEncodings = 0;
			knownRegions = (
				en,
				Base,
			);
			mainGroup = 185EFA7C1C30E990001FBA5F;
			productRefGroup = 185EFA861C30E990001FBA5F /* Products */;
			projectDirPath = "";
			projectRoot = "";
			targets = (
				185EFA841C30E990001FBA5F /* CoreDataStudy */,
				185EFA9B1C30E990001FBA5F /* CoreDataStudyTests */,
			);
		};
/* End PBXProject section */

/* Begin PBXResourcesBuildPhase section */
		185EFA831C30E990001FBA5F /* Resources */ = {
			isa = PBXResourcesBuildPhase;
			buildActionMask = 2147483647;
			files = (
				185EFA961C30E990001FBA5F /* LaunchScreen.storyboard in Resources */,
				185EFA931C30E990001FBA5F /* Assets.xcassets in Resources */,
				185EFA8E1C30E990001FBA5F /* Main.storyboard in Resources */,
			);
			runOnlyForDeploymentPostprocessing = 0;
		};
		185EFA9A1C30E990001FBA5F /* Resources */ = {
			isa = PBXResourcesBuildPhase;
			buildActionMask = 2147483647;
			files = (
			);
			runOnlyForDeploymentPostprocessing = 0;
		};
/* End PBXResourcesBuildPhase section */

/* Begin PBXSourcesBuildPhase section */
		185EFA811C30E990001FBA5F /* Sources */ = {
			isa = PBXSourcesBuildPhase;
			buildActionMask = 2147483647;
			files = (
				185EFA8B1C30E990001FBA5F /* ViewController.swift in Sources */,
				185EFA911C30E990001FBA5F /* CoreDataStudy.xcdatamodeld in Sources */,
				185EFA891C30E990001FBA5F /* AppDelegate.swift in Sources */,
			);
			runOnlyForDeploymentPostprocessing = 0;
		};
		185EFA981C30E990001FBA5F /* Sources */ = {
			isa = PBXSourcesBuildPhase;
			buildActionMask = 2147483647;
			files = (
				185EFAA11C30E990001FBA5F /* CoreDataStudyTests.swift in Sources */,
			);
			runOnlyForDeploymentPostprocessing = 0;
		};
/* End PBXSourcesBuildPhase section */

/* Begin PBXTargetDependency section */
		185EFA9E1C30E990001FBA5F /* PBXTargetDependency */ = {
			isa = PBXTargetDependency;
			target = 185EFA841C30E990001FBA5F /* CoreDataStudy */;
			targetProxy = 185EFA9D1C30E990001FBA5F /* PBXContainerItemProxy */;
		};
/* End PBXTargetDependency section */

/* Begin PBXVariantGroup section */
		185EFA8C1C30E990001FBA5F /* Main.storyboard */ = {
			isa = PBXVariantGroup;
			children = (
				185EFA8D1C30E990001FBA5F /* Base */,
			);
			name = Main.storyboard;
			sourceTree = "<group>";
		};
		185EFA941C30E990001FBA5F /* LaunchScreen.storyboard */ = {
			isa = PBXVariantGroup;
			children = (
				185EFA951C30E990001FBA5F /* Base */,
			);
			name = LaunchScreen.storyboard;
			sourceTree = "<group>";
		};
/* End PBXVariantGroup section */

/* Begin XCBuildConfiguration section */
		185EFAA31C30E990001FBA5F /* Debug */ = {
			isa = XCBuildConfiguration;
			buildSettings = {
				ALWAYS_SEARCH_USER_PATHS = NO;
				CLANG_CXX_LANGUAGE_STANDARD = "gnu++0x";
				CLANG_CXX_LIBRARY = "libc++";
				CLANG_ENABLE_MODULES = YES;
				CLANG_ENABLE_OBJC_ARC = YES;
				CLANG_WARN_BOOL_CONVERSION = YES;
				CLANG_WARN_CONSTANT_CONVERSION = YES;
				CLANG_WARN_DIRECT_OBJC_ISA_USAGE = YES_ERROR;
				CLANG_WARN_EMPTY_BODY = YES;
				CLANG_WARN_ENUM_CONVERSION = YES;
				CLANG_WARN_INT_CONVERSION = YES;
				CLANG_WARN_OBJC_ROOT_CLASS = YES_ERROR;
				CLANG_WARN_UNREACHABLE_CODE = YES;
				CLANG_WARN__DUPLICATE_METHOD_MATCH = YES;
				"CODE_SIGN_IDENTITY[sdk=iphoneos*]" = "iPhone Developer";
				COPY_PHASE_STRIP = NO;
				DEBUG_INFORMATION_FORMAT = dwarf;
				ENABLE_STRICT_OBJC_MSGSEND = YES;
				ENABLE_TESTABILITY = YES;
				GCC_C_LANGUAGE_STANDARD = gnu99;
				GCC_DYNAMIC_NO_PIC = NO;
				GCC_NO_COMMON_BLOCKS = YES;
				GCC_OPTIMIZATION_LEVEL = 0;
				GCC_PREPROCESSOR_DEFINITIONS = (
					"DEBUG=1",
					"$(inherited)",
				);
				GCC_WARN_64_TO_32_BIT_CONVERSION = YES;
				GCC_WARN_ABOUT_RETURN_TYPE = YES_ERROR;
				GCC_WARN_UNDECLARED_SELECTOR = YES;
				GCC_WARN_UNINITIALIZED_AUTOS = YES_AGGRESSIVE;
				GCC_WARN_UNUSED_FUNCTION = YES;
				GCC_WARN_UNUSED_VARIABLE = YES;
				IPHONEOS_DEPLOYMENT_TARGET = 9.2;
				MTL_ENABLE_DEBUG_INFO = YES;
				ONLY_ACTIVE_ARCH = YES;
				SDKROOT = iphoneos;
				SWIFT_OPTIMIZATION_LEVEL = "-Onone";
			};
			name = Debug;
		};
		185EFAA41C30E990001FBA5F /* Release */ = {
			isa = XCBuildConfiguration;
			buildSettings = {
				ALWAYS_SEARCH_USER_PATHS = NO;
				CLANG_CXX_LANGUAGE_STANDARD = "gnu++0x";
				CLANG_CXX_LIBRARY = "libc++";
				CLANG_ENABLE_MODULES = YES;
				CLANG_ENABLE_OBJC_ARC = YES;
				CLANG_WARN_BOOL_CONVERSION = YES;
				CLANG_WARN_CONSTANT_CONVERSION = YES;
				CLANG_WARN_DIRECT_OBJC_ISA_USAGE = YES_ERROR;
				CLANG_WARN_EMPTY_BODY = YES;
				CLANG_WARN_ENUM_CONVERSION = YES;
				CLANG_WARN_INT_CONVERSION = YES;
				CLANG_WARN_OBJC_ROOT_CLASS = YES_ERROR;
				CLANG_WARN_UNREACHABLE_CODE = YES;
				CLANG_WARN__DUPLICATE_METHOD_MATCH = YES;
				"CODE_SIGN_IDENTITY[sdk=iphoneos*]" = "iPhone Developer";
				COPY_PHASE_STRIP = NO;
				DEBUG_INFORMATION_FORMAT = "dwarf-with-dsym";
				ENABLE_NS_ASSERTIONS = NO;
				ENABLE_STRICT_OBJC_MSGSEND = YES;
				GCC_C_LANGUAGE_STANDARD = gnu99;
				GCC_NO_COMMON_BLOCKS = YES;
				GCC_WARN_64_TO_32_BIT_CONVERSION = YES;
				GCC_WARN_ABOUT_RETURN_TYPE = YES_ERROR;
				GCC_WARN_UNDECLARED_SELECTOR = YES;
				GCC_WARN_UNINITIALIZED_AUTOS = YES_AGGRESSIVE;
				GCC_WARN_UNUSED_FUNCTION = YES;
				GCC_WARN_UNUSED_VARIABLE = YES;
				IPHONEOS_DEPLOYMENT_TARGET = 9.2;
				MTL_ENABLE_DEBUG_INFO = NO;
				SDKROOT = iphoneos;
				VALIDATE_PRODUCT = YES;
			};
			name = Release;
		};
		185EFAA61C30E990001FBA5F /* Debug */ = {
			isa = XCBuildConfiguration;
			buildSettings = {
				ASSETCATALOG_COMPILER_APPICON_NAME = AppIcon;
				INFOPLIST_FILE = CoreDataStudy/Info.plist;
				LD_RUNPATH_SEARCH_PATHS = "$(inherited) @executable_path/Frameworks";
				PRODUCT_BUNDLE_IDENTIFIER = com.ixx.CoreDataStudy;
				PRODUCT_NAME = "$(TARGET_NAME)";
			};
			name = Debug;
		};
		185EFAA71C30E990001FBA5F /* Release */ = {
			isa = XCBuildConfiguration;
			buildSettings = {
				ASSETCATALOG_COMPILER_APPICON_NAME = AppIcon;
				INFOPLIST_FILE = CoreDataStudy/Info.plist;
				LD_RUNPATH_SEARCH_PATHS = "$(inherited) @executable_path/Frameworks";
				PRODUCT_BUNDLE_IDENTIFIER = com.ixx.CoreDataStudy;
				PRODUCT_NAME = "$(TARGET_NAME)";
			};
			name = Release;
		};
		185EFAA91C30E990001FBA5F /* Debug */ = {
			isa = XCBuildConfiguration;
			buildSettings = {
				BUNDLE_LOADER = "$(TEST_HOST)";
				INFOPLIST_FILE = CoreDataStudyTests/Info.plist;
				LD_RUNPATH_SEARCH_PATHS = "$(inherited) @executable_path/Frameworks @loader_path/Frameworks";
				PRODUCT_BUNDLE_IDENTIFIER = com.ixx.CoreDataStudyTests;
				PRODUCT_NAME = "$(TARGET_NAME)";
				TEST_HOST = "$(BUILT_PRODUCTS_DIR)/CoreDataStudy.app/CoreDataStudy";
			};
			name = Debug;
		};
		185EFAAA1C30E990001FBA5F /* Release */ = {
			isa = XCBuildConfiguration;
			buildSettings = {
				BUNDLE_LOADER = "$(TEST_HOST)";
				INFOPLIST_FILE = CoreDataStudyTests/Info.plist;
				LD_RUNPATH_SEARCH_PATHS = "$(inherited) @executable_path/Frameworks @loader_path/Frameworks";
				PRODUCT_BUNDLE_IDENTIFIER = com.ixx.CoreDataStudyTests;
				PRODUCT_NAME = "$(TARGET_NAME)";
				TEST_HOST = "$(BUILT_PRODUCTS_DIR)/CoreDataStudy.app/CoreDataStudy";
			};
			name = Release;
		};
/* End XCBuildConfiguration section */

/* Begin XCConfigurationList section */
		185EFA801C30E990001FBA5F /* Build configuration list for PBXProject "CoreDataStudy" */ = {
			isa = XCConfigurationList;
			buildConfigurations = (
				185EFAA31C30E990001FBA5F /* Debug */,
				185EFAA41C30E990001FBA5F /* Release */,
			);
			defaultConfigurationIsVisible = 0;
			defaultConfigurationName = Release;
		};
		185EFAA51C30E990001FBA5F /* Build configuration list for PBXNativeTarget "CoreDataStudy" */ = {
			isa = XCConfigurationList;
			buildConfigurations = (
				185EFAA61C30E990001FBA5F /* Debug */,
				185EFAA71C30E990001FBA5F /* Release */,
			);
			defaultConfigurationIsVisible = 0;
		};
		185EFAA81C30E990001FBA5F /* Build configuration list for PBXNativeTarget "CoreDataStudyTests" */ = {
			isa = XCConfigurationList;
			buildConfigurations = (
				185EFAA91C30E990001FBA5F /* Debug */,
				185EFAAA1C30E990001FBA5F /* Release */,
			);
			defaultConfigurationIsVisible = 0;
		};
/* End XCConfigurationList section */

/* Begin XCVersionGroup section */
		185EFA8F1C30E990001FBA5F /* CoreDataStudy.xcdatamodeld */ = {
			isa = XCVersionGroup;
			children = (
				185EFA901C30E990001FBA5F /* CoreDataStudy.xcdatamodel */,
			);
			currentVersion = 185EFA901C30E990001FBA5F /* CoreDataStudy.xcdatamodel */;
			path = CoreDataStudy.xcdatamodeld;
			sourceTree = "<group>";
			versionGroupType = wrapper.xcdatamodel;
		};
/* End XCVersionGroup section */
	};
	rootObject = 185EFA7D1C30E990001FBA5F /* Project object */;
}
